
Microsoft Visual Studio Solution File, Format Version 12.00
# Visual Studio Version 16
VisualStudioVersion = 16.0.28803.352
MinimumVisualStudioVersion = 10.0.40219.1
Project("{FAE04EC0-301F-11D3-BF4B-00C04F79EFBC}") = "POO_AlumnosProfesores", "POO_AlumnosProfesores\POO_AlumnosProfesores.csproj", "{672A08AA-7A73-43A6-9C4E-79FEEC20CCA2}"
EndProject
Global
	GlobalSection(SolutionConfigurationPlatforms) = preSolution
		Debug|Any CPU = Debug|Any CPU
		Release|Any CPU = Release|Any CPU
	EndGlobalSection
	GlobalSection(ProjectConfigurationPlatforms) = postSolution
		{672A08AA-7A73-43A6-9C4E-79FEEC20CCA2}.Debug|Any CPU.ActiveCfg = Debug|Any CPU
		{672A08AA-7A73-43A6-9C4E-79FEEC20CCA2}.Debug|Any CPU.Build.0 = Debug|Any CPU
		{672A08AA-7A73-43A6-9C4E-79FEEC20CCA2}.Release|Any CPU.ActiveCfg = Release|Any CPU
		{672A08AA-7A73-43A6-9C4E-79FEEC20CCA2}.Release|Any CPU.Build.0 = Release|Any CPU
	EndGlobalSection
	GlobalSection(SolutionProperties) = preSolution
		HideSolutionNode = FALSE
	EndGlobalSection
	GlobalSection(ExtensibilityGlobals) = postSolution
		SolutionGuid = {61154FC7-3C54-4E18-9241-FF2C08CB2D37}
	EndGlobalSection
EndGlobal
